
Microsoft Visual Studio Solution File, Format Version 12.00
Project("{FAE04EC0-301F-11D3-BF4B-00C04F79EFBC}") = "Application", "Application\Application.csproj", "{D2DF1951-834E-4A6E-A94D-14D4C13AFDF2}"
EndProject
Project("{FAE04EC0-301F-11D3-BF4B-00C04F79EFBC}") = "DataAccess", "DataAccess\DataAccess.csproj", "{DBF1B12F-DE1B-4AB2-BFF8-3A26D8A8BAC2}"
EndProject
Project("{FAE04EC0-301F-11D3-BF4B-00C04F79EFBC}") = "Domain", "Domain\Domain.csproj", "{22088B86-2A5F-4815-9035-79D3908A9CE7}"
EndProject
Project("{FAE04EC0-301F-11D3-BF4B-00C04F79EFBC}") = "Implementation", "Implementation\Implementation.csproj", "{CD678331-35BA-43A1-BB4D-3CE437F66776}"
EndProject
Global
	GlobalSection(SolutionConfigurationPlatforms) = preSolution
		Debug|Any CPU = Debug|Any CPU
		Release|Any CPU = Release|Any CPU
	EndGlobalSection
	GlobalSection(ProjectConfigurationPlatforms) = postSolution
		{D2DF1951-834E-4A6E-A94D-14D4C13AFDF2}.Debug|Any CPU.ActiveCfg = Debug|Any CPU
		{D2DF1951-834E-4A6E-A94D-14D4C13AFDF2}.Debug|Any CPU.Build.0 = Debug|Any CPU
		{D2DF1951-834E-4A6E-A94D-14D4C13AFDF2}.Release|Any CPU.ActiveCfg = Release|Any CPU
		{D2DF1951-834E-4A6E-A94D-14D4C13AFDF2}.Release|Any CPU.Build.0 = Release|Any CPU
		{DBF1B12F-DE1B-4AB2-BFF8-3A26D8A8BAC2}.Debug|Any CPU.ActiveCfg = Debug|Any CPU
		{DBF1B12F-DE1B-4AB2-BFF8-3A26D8A8BAC2}.Debug|Any CPU.Build.0 = Debug|Any CPU
		{DBF1B12F-DE1B-4AB2-BFF8-3A26D8A8BAC2}.Release|Any CPU.ActiveCfg = Release|Any CPU
		{DBF1B12F-DE1B-4AB2-BFF8-3A26D8A8BAC2}.Release|Any CPU.Build.0 = Release|Any CPU
		{22088B86-2A5F-4815-9035-79D3908A9CE7}.Debug|Any CPU.ActiveCfg = Debug|Any CPU
		{22088B86-2A5F-4815-9035-79D3908A9CE7}.Debug|Any CPU.Build.0 = Debug|Any CPU
		{22088B86-2A5F-4815-9035-79D3908A9CE7}.Release|Any CPU.ActiveCfg = Release|Any CPU
		{22088B86-2A5F-4815-9035-79D3908A9CE7}.Release|Any CPU.Build.0 = Release|Any CPU
		{CD678331-35BA-43A1-BB4D-3CE437F66776}.Debug|Any CPU.ActiveCfg = Debug|Any CPU
		{CD678331-35BA-43A1-BB4D-3CE437F66776}.Debug|Any CPU.Build.0 = Debug|Any CPU
		{CD678331-35BA-43A1-BB4D-3CE437F66776}.Release|Any CPU.ActiveCfg = Release|Any CPU
		{CD678331-35BA-43A1-BB4D-3CE437F66776}.Release|Any CPU.Build.0 = Release|Any CPU
	EndGlobalSection
EndGlobal
